
Microsoft Visual Studio Solution File, Format Version 12.00
# Visual Studio 15
Project("{FAE04EC0-301F-11D3-BF4B-00C04F79EFBC}") = "PlayModeTests", "PlayModeTests.csproj", "{26CDE589-AC25-D656-5786-5AE1D9F714FF}"
EndProject
Project("{FAE04EC0-301F-11D3-BF4B-00C04F79EFBC}") = "GameAssembly", "GameAssembly.csproj", "{53F1234A-1D2D-01A4-4218-660496D12455}"
EndProject
Global
	GlobalSection(SolutionConfigurationPlatforms) = preSolution
		Debug|Any CPU = Debug|Any CPU
		Release|Any CPU = Release|Any CPU
	EndGlobalSection
	GlobalSection(ProjectConfigurationPlatforms) = postSolution
		{26CDE589-AC25-D656-5786-5AE1D9F714FF}.Debug|Any CPU.ActiveCfg = Debug|Any CPU
		{26CDE589-AC25-D656-5786-5AE1D9F714FF}.Debug|Any CPU.Build.0 = Debug|Any CPU
		{26CDE589-AC25-D656-5786-5AE1D9F714FF}.Release|Any CPU.ActiveCfg = Release|Any CPU
		{26CDE589-AC25-D656-5786-5AE1D9F714FF}.Release|Any CPU.Build.0 = Release|Any CPU
		{53F1234A-1D2D-01A4-4218-660496D12455}.Debug|Any CPU.ActiveCfg = Debug|Any CPU
		{53F1234A-1D2D-01A4-4218-660496D12455}.Debug|Any CPU.Build.0 = Debug|Any CPU
		{53F1234A-1D2D-01A4-4218-660496D12455}.Release|Any CPU.ActiveCfg = Release|Any CPU
		{53F1234A-1D2D-01A4-4218-660496D12455}.Release|Any CPU.Build.0 = Release|Any CPU
	EndGlobalSection
	GlobalSection(SolutionProperties) = preSolution
		HideSolutionNode = FALSE
	EndGlobalSection
EndGlobal
